# THIS IS AN AUTOGENERATED FILE. DO NOT EDIT THIS FILE DIRECTLY.
# yarn lockfile v1


kaboom@^3000.0.0-beta.2:
  version "3000.0.0-beta.2"
  resolved "https://registry.yarnpkg.com/kaboom/-/kaboom-3000.0.0-beta.2.tgz#00737e16bfb3c83f4dad822c8bec81f3101aa613"
  integrity sha512-oU4zWIOxieNe6oLnABlyLfu8KwQvwqyASE2CD8PqoRvUhb0BgCYkLVqj326BE/koofcUAk69ePnm3OmPV33erw==
